
Microsoft Visual Studio Solution File, Format Version 12.00
# Visual Studio Version 16
VisualStudioVersion = 16.0.30907.101
MinimumVisualStudioVersion = 10.0.40219.1
Project("{FAE04EC0-301F-11D3-BF4B-00C04F79EFBC}") = "Tango12", "Tango12\Tango12.csproj", "{FEB24907-4281-4824-86E4-71B9E5449BB2}"
EndProject
Global
	GlobalSection(SolutionConfigurationPlatforms) = preSolution
		Debug|Any CPU = Debug|Any CPU
		Release|Any CPU = Release|Any CPU
	EndGlobalSection
	GlobalSection(ProjectConfigurationPlatforms) = postSolution
		{FEB24907-4281-4824-86E4-71B9E5449BB2}.Debug|Any CPU.ActiveCfg = Debug|Any CPU
		{FEB24907-4281-4824-86E4-71B9E5449BB2}.Debug|Any CPU.Build.0 = Debug|Any CPU
		{FEB24907-4281-4824-86E4-71B9E5449BB2}.Release|Any CPU.ActiveCfg = Release|Any CPU
		{FEB24907-4281-4824-86E4-71B9E5449BB2}.Release|Any CPU.Build.0 = Release|Any CPU
	EndGlobalSection
	GlobalSection(SolutionProperties) = preSolution
		HideSolutionNode = FALSE
	EndGlobalSection
	GlobalSection(ExtensibilityGlobals) = postSolution
		SolutionGuid = {48A16417-7953-4749-81B1-65D9CA80F852}
	EndGlobalSection
EndGlobal
